
Microsoft Visual Studio Solution File, Format Version 12.00
# Visual Studio Version 17
VisualStudioVersion = 17.5.002.0
MinimumVisualStudioVersion = 10.0.40219.1
Project("{9A19103F-16F7-4668-BE54-9A1E7A4F7556}") = "c# konsol ödev 3", "c# konsol ödev 3.csproj", "{ABE97E2C-9C92-4790-97A7-596E61ED1478}"
EndProject
Global
	GlobalSection(SolutionConfigurationPlatforms) = preSolution
		Debug|Any CPU = Debug|Any CPU
		Release|Any CPU = Release|Any CPU
	EndGlobalSection
	GlobalSection(ProjectConfigurationPlatforms) = postSolution
		{ABE97E2C-9C92-4790-97A7-596E61ED1478}.Debug|Any CPU.ActiveCfg = Debug|Any CPU
		{ABE97E2C-9C92-4790-97A7-596E61ED1478}.Debug|Any CPU.Build.0 = Debug|Any CPU
		{ABE97E2C-9C92-4790-97A7-596E61ED1478}.Release|Any CPU.ActiveCfg = Release|Any CPU
		{ABE97E2C-9C92-4790-97A7-596E61ED1478}.Release|Any CPU.Build.0 = Release|Any CPU
	EndGlobalSection
	GlobalSection(SolutionProperties) = preSolution
		HideSolutionNode = FALSE
	EndGlobalSection
	GlobalSection(ExtensibilityGlobals) = postSolution
		SolutionGuid = {9B365E49-D98F-4F46-9F6D-385939A643E5}
	EndGlobalSection
EndGlobal
